
Microsoft Visual Studio Solution File, Format Version 12.00
Project("{FAE04EC0-301F-11D3-BF4B-00C04F79EFBC}") = "FillingTwo-dimensionalArrays", "FillingTwo-dimensionalArrays\FillingTwo-dimensionalArrays.csproj", "{34DDAC66-9AFD-4D7F-95B3-28FF8FD692FF}"
EndProject
Global
	GlobalSection(SolutionConfigurationPlatforms) = preSolution
		Debug|Any CPU = Debug|Any CPU
		Release|Any CPU = Release|Any CPU
	EndGlobalSection
	GlobalSection(ProjectConfigurationPlatforms) = postSolution
		{34DDAC66-9AFD-4D7F-95B3-28FF8FD692FF}.Debug|Any CPU.ActiveCfg = Debug|Any CPU
		{34DDAC66-9AFD-4D7F-95B3-28FF8FD692FF}.Debug|Any CPU.Build.0 = Debug|Any CPU
		{34DDAC66-9AFD-4D7F-95B3-28FF8FD692FF}.Release|Any CPU.ActiveCfg = Release|Any CPU
		{34DDAC66-9AFD-4D7F-95B3-28FF8FD692FF}.Release|Any CPU.Build.0 = Release|Any CPU
	EndGlobalSection
EndGlobal
